<?xml version="1.0" encoding="utf-8"?>
<Project ToolsVersion="4.0" xmlns="http://schemas.microsoft.com/developer/msbuild/2003">
  <ItemGroup>
    <Filter Include="Source Files">
      <UniqueIdentifier>{4FC737F1-C7A5-4376-A066-2A32D752A2FF}</UniqueIdentifier>
      <Extensions>cpp;c;cc;cxx;def;odl;idl;hpj;bat;asm;asmx</Extensions>
    </Filter>
    <Filter Include="Header Files">
      <UniqueIdentifier>{93995380-89BD-4b04-88EB-625FBE52EBFB}</UniqueIdentifier>
      <Extensions>h;hpp;hxx;hm;inl;inc;xsd</Extensions>
    </Filter>
    <Filter Include="editor">
      <UniqueIdentifier>{0d95d952-1860-4863-8157-b838d73a8fbd}</UniqueIdentifier>
    </Filter>
  </ItemGroup>
  <ItemGroup>
    <ClInclude Include="editor_structs.h">
      <Filter>Header Files</Filter>
    </ClInclude>
    <ClInclude Include="editor_Driver.h">
      <Filter>Header Files</Filter>
    </ClInclude>
    <ClInclude Include="editor_SceneManager.h">
      <Filter>Header Files</Filter>
    </ClInclude>
    <ClInclude Include="editor_SceneNode.h">
      <Filter>Header Files</Filter>
    </ClInclude>
    <ClInclude Include="editor_WowDatabase.h">
      <Filter>Header Files</Filter>
    </ClInclude>
    <ClInclude Include="editor_M2SceneNode.h">
      <Filter>Header Files</Filter>
    </ClInclude>
    <ClInclude Include="stdafx.h">
      <Filter>Header Files</Filter>
    </ClInclude>
    <ClInclude Include="editor_base.h">
      <Filter>Header Files</Filter>
    </ClInclude>
    <ClInclude Include="editor_engine.h">
      <Filter>Header Files</Filter>
    </ClInclude>
    <ClInclude Include="CEditSceneManager.h">
      <Filter>editor</Filter>
    </ClInclude>
    <ClInclude Include="CEditM2SceneNode.h">
      <Filter>editor</Filter>
    </ClInclude>
    <ClInclude Include="editor_Camera.h">
      <Filter>Header Files</Filter>
    </ClInclude>
    <ClInclude Include="editor_ManualMeshServices.h">
      <Filter>Header Files</Filter>
    </ClInclude>
    <ClInclude Include="editor_AudioPlayer.h">
      <Filter>Header Files</Filter>
    </ClInclude>
    <ClInclude Include="editor_ResourceLoader.h">
      <Filter>Header Files</Filter>
    </ClInclude>
    <ClInclude Include="editor_fileWDT.h">
      <Filter>Header Files</Filter>
    </ClInclude>
    <ClInclude Include="editor_FileADT.h">
      <Filter>Header Files</Filter>
    </ClInclude>
    <ClInclude Include="CEditWMOSceneNode.h">
      <Filter>editor</Filter>
    </ClInclude>
    <ClInclude Include="editor_WMOSceneNode.h">
      <Filter>Header Files</Filter>
    </ClInclude>
    <ClInclude Include="editor_CoordSceneNode.h">
      <Filter>Header Files</Filter>
    </ClInclude>
    <ClInclude Include="editor_SceneEnvironment.h">
      <Filter>Header Files</Filter>
    </ClInclude>
  </ItemGroup>
  <ItemGroup>
    <ClCompile Include="editor_Driver.cpp">
      <Filter>Source Files</Filter>
    </ClCompile>
    <ClCompile Include="editor_SceneManager.cpp">
      <Filter>Source Files</Filter>
    </ClCompile>
    <ClCompile Include="editor_SceneNode.cpp">
      <Filter>Source Files</Filter>
    </ClCompile>
    <ClCompile Include="editor_WowDatabase.cpp">
      <Filter>Source Files</Filter>
    </ClCompile>
    <ClCompile Include="stdafx.cpp">
      <Filter>Source Files</Filter>
    </ClCompile>
    <ClCompile Include="editor_engine.cpp">
      <Filter>Source Files</Filter>
    </ClCompile>
    <ClCompile Include="CEditSceneManager.cpp">
      <Filter>editor</Filter>
    </ClCompile>
    <ClCompile Include="CEditM2SceneNode.cpp">
      <Filter>editor</Filter>
    </ClCompile>
    <ClCompile Include="editor_Camera.cpp">
      <Filter>Source Files</Filter>
    </ClCompile>
    <ClCompile Include="editor_ManualMeshServices.cpp">
      <Filter>Source Files</Filter>
    </ClCompile>
    <ClCompile Include="editor_M2SceneNode.cpp">
      <Filter>Source Files</Filter>
    </ClCompile>
    <ClCompile Include="editor_AudioPlayer.cpp">
      <Filter>Source Files</Filter>
    </ClCompile>
    <ClCompile Include="editor_ResourceLoader.cpp">
      <Filter>Source Files</Filter>
    </ClCompile>
    <ClCompile Include="editor_fileWDT.cpp">
      <Filter>Source Files</Filter>
    </ClCompile>
    <ClCompile Include="editor_FileADT.cpp">
      <Filter>Source Files</Filter>
    </ClCompile>
    <ClCompile Include="CEditWMOSceneNode.cpp">
      <Filter>editor</Filter>
    </ClCompile>
    <ClCompile Include="editor_WMOSceneNode.cpp">
      <Filter>Source Files</Filter>
    </ClCompile>
    <ClCompile Include="editor_CoordSceneNode.cpp">
      <Filter>Source Files</Filter>
    </ClCompile>
    <ClCompile Include="editor_SceneEnvironment.cpp">
      <Filter>Source Files</Filter>
    </ClCompile>
  </ItemGroup>
</Project>